// !$*UTF8*$!
{
	archiveVersion = 1;
	classes = {
	};
	objectVersion = 46;
	objects = {

/* Begin PBXBuildFile section */
		3FAF84141B7884E000A3A288 /* main.m in Sources */ = {isa = PBXBuildFile; fileRef = 3FAF84131B7884E000A3A288 /* main.m */; };
		3FAF84171B7884E000A3A288 /* AppDelegate.m in Sources */ = {isa = PBXBuildFile; fileRef = 3FAF84161B7884E000A3A288 /* AppDelegate.m */; };
		3FAF841D1B7884E000A3A288 /* Main.storyboard in Resources */ = {isa = PBXBuildFile; fileRef = 3FAF841B1B7884E000A3A288 /* Main.storyboard */; };
		3FAF841F1B7884E000A3A288 /* Images.xcassets in Resources */ = {isa = PBXBuildFile; fileRef = 3FAF841E1B7884E000A3A288 /* Images.xcassets */; };
		3FAF84221B7884E000A3A288 /* LaunchScreen.xib in Resources */ = {isa = PBXBuildFile; fileRef = 3FAF84201B7884E000A3A288 /* LaunchScreen.xib */; };
		3FAF842E1B7884E000A3A288 /* Small_LensTests.m in Sources */ = {isa = PBXBuildFile; fileRef = 3FAF842D1B7884E000A3A288 /* Small_LensTests.m */; };
		3FAF843C1B78950A00A3A288 /* LoginViewController.m in Sources */ = {isa = PBXBuildFile; fileRef = 3FAF843B1B78950A00A3A288 /* LoginViewController.m */; };
		3FAF84401B78991100A3A288 /* SLNavigationViewController.m in Sources */ = {isa = PBXBuildFile; fileRef = 3FAF843F1B78991100A3A288 /* SLNavigationViewController.m */; };
		3FAF845B1B78A84400A3A288 /* AFHTTPRequestOperation.m in Sources */ = {isa = PBXBuildFile; fileRef = 3FAF84491B78A84400A3A288 /* AFHTTPRequestOperation.m */; };
		3FAF845C1B78A84400A3A288 /* AFHTTPRequestOperationManager.m in Sources */ = {isa = PBXBuildFile; fileRef = 3FAF844B1B78A84400A3A288 /* AFHTTPRequestOperationManager.m */; };
		3FAF845D1B78A84400A3A288 /* AFHTTPSessionManager.m in Sources */ = {isa = PBXBuildFile; fileRef = 3FAF844D1B78A84400A3A288 /* AFHTTPSessionManager.m */; };
		3FAF845E1B78A84400A3A288 /* AFNetworkReachabilityManager.m in Sources */ = {isa = PBXBuildFile; fileRef = 3FAF84501B78A84400A3A288 /* AFNetworkReachabilityManager.m */; };
		3FAF845F1B78A84400A3A288 /* AFSecurityPolicy.m in Sources */ = {isa = PBXBuildFile; fileRef = 3FAF84521B78A84400A3A288 /* AFSecurityPolicy.m */; };
		3FAF84601B78A84400A3A288 /* AFURLConnectionOperation.m in Sources */ = {isa = PBXBuildFile; fileRef = 3FAF84541B78A84400A3A288 /* AFURLConnectionOperation.m */; };
		3FAF84611B78A84400A3A288 /* AFURLRequestSerialization.m in Sources */ = {isa = PBXBuildFile; fileRef = 3FAF84561B78A84400A3A288 /* AFURLRequestSerialization.m */; };
		3FAF84621B78A84400A3A288 /* AFURLResponseSerialization.m in Sources */ = {isa = PBXBuildFile; fileRef = 3FAF84581B78A84400A3A288 /* AFURLResponseSerialization.m */; };
		3FAF84631B78A84400A3A288 /* AFURLSessionManager.m in Sources */ = {isa = PBXBuildFile; fileRef = 3FAF845A1B78A84400A3A288 /* AFURLSessionManager.m */; };
		3FAF84661B78A8DA00A3A288 /* HttpTool.m in Sources */ = {isa = PBXBuildFile; fileRef = 3FAF84651B78A8DA00A3A288 /* HttpTool.m */; };
		3FAF846C1B78ADAD00A3A288 /* MBProgressHUD+JM.m in Sources */ = {isa = PBXBuildFile; fileRef = 3FAF84691B78ADAD00A3A288 /* MBProgressHUD+JM.m */; };
		3FAF846D1B78ADAD00A3A288 /* MBProgressHUD.m in Sources */ = {isa = PBXBuildFile; fileRef = 3FAF846B1B78ADAD00A3A288 /* MBProgressHUD.m */; };
		3FFC5BA11B79EEE300247795 /* SFHFKeychainUtils.m in Sources */ = {isa = PBXBuildFile; fileRef = 3FFC5BA01B79EEE300247795 /* SFHFKeychainUtils.m */; };
		3FFC5BA41B79EF0400247795 /* LoginUser.m in Sources */ = {isa = PBXBuildFile; fileRef = 3FFC5BA31B79EF0400247795 /* LoginUser.m */; };
		3FFC5BA91B79F75700247795 /* SLTabBarController.m in Sources */ = {isa = PBXBuildFile; fileRef = 3FFC5BA81B79F75700247795 /* SLTabBarController.m */; };
/* End PBXBuildFile section */

/* Begin PBXContainerItemProxy section */
		3FAF84281B7884E000A3A288 /* PBXContainerItemProxy */ = {
			isa = PBXContainerItemProxy;
			containerPortal = 3FAF84061B7884E000A3A288 /* Project object */;
			proxyType = 1;
			remoteGlobalIDString = 3FAF840D1B7884E000A3A288;
			remoteInfo = "Small Lens";
		};
/* End PBXContainerItemProxy section */

/* Begin PBXFileReference section */
		3FAF840E1B7884E000A3A288 /* Small Lens.app */ = {isa = PBXFileReference; explicitFileType = wrapper.application; includeInIndex = 0; path = "Small Lens.app"; sourceTree = BUILT_PRODUCTS_DIR; };
		3FAF84121B7884E000A3A288 /* Info.plist */ = {isa = PBXFileReference; lastKnownFileType = text.plist.xml; path = Info.plist; sourceTree = "<group>"; };
		3FAF84131B7884E000A3A288 /* main.m */ = {isa = PBXFileReference; lastKnownFileType = sourcecode.c.objc; path = main.m; sourceTree = "<group>"; };
		3FAF84151B7884E000A3A288 /* AppDelegate.h */ = {isa = PBXFileReference; lastKnownFileType = sourcecode.c.h; path = AppDelegate.h; sourceTree = "<group>"; };
		3FAF84161B7884E000A3A288 /* AppDelegate.m */ = {isa = PBXFileReference; lastKnownFileType = sourcecode.c.objc; path = AppDelegate.m; sourceTree = "<group>"; };
		3FAF841C1B7884E000A3A288 /* Base */ = {isa = PBXFileReference; lastKnownFileType = file.storyboard; name = Base; path = Base.lproj/Main.storyboard; sourceTree = "<group>"; };
		3FAF841E1B7884E000A3A288 /* Images.xcassets */ = {isa = PBXFileReference; lastKnownFileType = folder.assetcatalog; path = Images.xcassets; sourceTree = "<group>"; };
		3FAF84211B7884E000A3A288 /* Base */ = {isa = PBXFileReference; lastKnownFileType = file.xib; name = Base; path = Base.lproj/LaunchScreen.xib; sourceTree = "<group>"; };
		3FAF84271B7884E000A3A288 /* Small LensTests.xctest */ = {isa = PBXFileReference; explicitFileType = wrapper.cfbundle; includeInIndex = 0; path = "Small LensTests.xctest"; sourceTree = BUILT_PRODUCTS_DIR; };
		3FAF842C1B7884E000A3A288 /* Info.plist */ = {isa = PBXFileReference; lastKnownFileType = text.plist.xml; path = Info.plist; sourceTree = "<group>"; };
		3FAF842D1B7884E000A3A288 /* Small_LensTests.m */ = {isa = PBXFileReference; lastKnownFileType = sourcecode.c.objc; path = Small_LensTests.m; sourceTree = "<group>"; };
		3FAF843A1B78950A00A3A288 /* LoginViewController.h */ = {isa = PBXFileReference; fileEncoding = 4; lastKnownFileType = sourcecode.c.h; path = LoginViewController.h; sourceTree = "<group>"; };
		3FAF843B1B78950A00A3A288 /* LoginViewController.m */ = {isa = PBXFileReference; fileEncoding = 4; lastKnownFileType = sourcecode.c.objc; path = LoginViewController.m; sourceTree = "<group>"; };
		3FAF843E1B78991100A3A288 /* SLNavigationViewController.h */ = {isa = PBXFileReference; fileEncoding = 4; lastKnownFileType = sourcecode.c.h; path = SLNavigationViewController.h; sourceTree = "<group>"; };
		3FAF843F1B78991100A3A288 /* SLNavigationViewController.m */ = {isa = PBXFileReference; fileEncoding = 4; lastKnownFileType = sourcecode.c.objc; path = SLNavigationViewController.m; sourceTree = "<group>"; };
		3FAF84411B789D8B00A3A288 /* General.h */ = {isa = PBXFileReference; fileEncoding = 4; lastKnownFileType = sourcecode.c.h; path = General.h; sourceTree = "<group>"; };
		3FAF84481B78A84400A3A288 /* AFHTTPRequestOperation.h */ = {isa = PBXFileReference; fileEncoding = 4; lastKnownFileType = sourcecode.c.h; path = AFHTTPRequestOperation.h; sourceTree = "<group>"; };
		3FAF84491B78A84400A3A288 /* AFHTTPRequestOperation.m */ = {isa = PBXFileReference; fileEncoding = 4; lastKnownFileType = sourcecode.c.objc; path = AFHTTPRequestOperation.m; sourceTree = "<group>"; };
		3FAF844A1B78A84400A3A288 /* AFHTTPRequestOperationManager.h */ = {isa = PBXFileReference; fileEncoding = 4; lastKnownFileType = sourcecode.c.h; path = AFHTTPRequestOperationManager.h; sourceTree = "<group>"; };
		3FAF844B1B78A84400A3A288 /* AFHTTPRequestOperationManager.m */ = {isa = PBXFileReference; fileEncoding = 4; lastKnownFileType = sourcecode.c.objc; path = AFHTTPRequestOperationManager.m; sourceTree = "<group>"; };
		3FAF844C1B78A84400A3A288 /* AFHTTPSessionManager.h */ = {isa = PBXFileReference; fileEncoding = 4; lastKnownFileType = sourcecode.c.h; path = AFHTTPSessionManager.h; sourceTree = "<group>"; };
		3FAF844D1B78A84400A3A288 /* AFHTTPSessionManager.m */ = {isa = PBXFileReference; fileEncoding = 4; lastKnownFileType = sourcecode.c.objc; path = AFHTTPSessionManager.m; sourceTree = "<group>"; };
		3FAF844E1B78A84400A3A288 /* AFNetworking.h */ = {isa = PBXFileReference; fileEncoding = 4; lastKnownFileType = sourcecode.c.h; path = AFNetworking.h; sourceTree = "<group>"; };
		3FAF844F1B78A84400A3A288 /* AFNetworkReachabilityManager.h */ = {isa = PBXFileReference; fileEncoding = 4; lastKnownFileType = sourcecode.c.h; path = AFNetworkReachabilityManager.h; sourceTree = "<group>"; };
		3FAF84501B78A84400A3A288 /* AFNetworkReachabilityManager.m */ = {isa = PBXFileReference; fileEncoding = 4; lastKnownFileType = sourcecode.c.objc; path = AFNetworkReachabilityManager.m; sourceTree = "<group>"; };
		3FAF84511B78A84400A3A288 /* AFSecurityPolicy.h */ = {isa = PBXFileReference; fileEncoding = 4; lastKnownFileType = sourcecode.c.h; path = AFSecurityPolicy.h; sourceTree = "<group>"; };
		3FAF84521B78A84400A3A288 /* AFSecurityPolicy.m */ = {isa = PBXFileReference; fileEncoding = 4; lastKnownFileType = sourcecode.c.objc; path = AFSecurityPolicy.m; sourceTree = "<group>"; };
		3FAF84531B78A84400A3A288 /* AFURLConnectionOperation.h */ = {isa = PBXFileReference; fileEncoding = 4; lastKnownFileType = sourcecode.c.h; path = AFURLConnectionOperation.h; sourceTree = "<group>"; };
		3FAF84541B78A84400A3A288 /* AFURLConnectionOperation.m */ = {isa = PBXFileReference; fileEncoding = 4; lastKnownFileType = sourcecode.c.objc; path = AFURLConnectionOperation.m; sourceTree = "<group>"; };
		3FAF84551B78A84400A3A288 /* AFURLRequestSerialization.h */ = {isa = PBXFileReference; fileEncoding = 4; lastKnownFileType = sourcecode.c.h; path = AFURLRequestSerialization.h; sourceTree = "<group>"; };
		3FAF84561B78A84400A3A288 /* AFURLRequestSerialization.m */ = {isa = PBXFileReference; fileEncoding = 4; lastKnownFileType = sourcecode.c.objc; path = AFURLRequestSerialization.m; sourceTree = "<group>"; };
		3FAF84571B78A84400A3A288 /* AFURLResponseSerialization.h */ = {isa = PBXFileReference; fileEncoding = 4; lastKnownFileType = sourcecode.c.h; path = AFURLResponseSerialization.h; sourceTree = "<group>"; };
		3FAF84581B78A84400A3A288 /* AFURLResponseSerialization.m */ = {isa = PBXFileReference; fileEncoding = 4; lastKnownFileType = sourcecode.c.objc; path = AFURLResponseSerialization.m; sourceTree = "<group>"; };
		3FAF84591B78A84400A3A288 /* AFURLSessionManager.h */ = {isa = PBXFileReference; fileEncoding = 4; lastKnownFileType = sourcecode.c.h; path = AFURLSessionManager.h; sourceTree = "<group>"; };
		3FAF845A1B78A84400A3A288 /* AFURLSessionManager.m */ = {isa = PBXFileReference; fileEncoding = 4; lastKnownFileType = sourcecode.c.objc; path = AFURLSessionManager.m; sourceTree = "<group>"; };
		3FAF84641B78A8DA00A3A288 /* HttpTool.h */ = {isa = PBXFileReference; fileEncoding = 4; lastKnownFileType = sourcecode.c.h; path = HttpTool.h; sourceTree = "<group>"; };
		3FAF84651B78A8DA00A3A288 /* HttpTool.m */ = {isa = PBXFileReference; fileEncoding = 4; lastKnownFileType = sourcecode.c.objc; path = HttpTool.m; sourceTree = "<group>"; };
		3FAF84681B78ADAD00A3A288 /* MBProgressHUD+JM.h */ = {isa = PBXFileReference; fileEncoding = 4; lastKnownFileType = sourcecode.c.h; path = "MBProgressHUD+JM.h"; sourceTree = "<group>"; };
		3FAF84691B78ADAD00A3A288 /* MBProgressHUD+JM.m */ = {isa = PBXFileReference; fileEncoding = 4; lastKnownFileType = sourcecode.c.objc; path = "MBProgressHUD+JM.m"; sourceTree = "<group>"; };
		3FAF846A1B78ADAD00A3A288 /* MBProgressHUD.h */ = {isa = PBXFileReference; fileEncoding = 4; lastKnownFileType = sourcecode.c.h; path = MBProgressHUD.h; sourceTree = "<group>"; };
		3FAF846B1B78ADAD00A3A288 /* MBProgressHUD.m */ = {isa = PBXFileReference; fileEncoding = 4; lastKnownFileType = sourcecode.c.objc; path = MBProgressHUD.m; sourceTree = "<group>"; };
		3FFC5B9F1B79EEE300247795 /* SFHFKeychainUtils.h */ = {isa = PBXFileReference; fileEncoding = 4; lastKnownFileType = sourcecode.c.h; path = SFHFKeychainUtils.h; sourceTree = "<group>"; };
		3FFC5BA01B79EEE300247795 /* SFHFKeychainUtils.m */ = {isa = PBXFileReference; fileEncoding = 4; lastKnownFileType = sourcecode.c.objc; path = SFHFKeychainUtils.m; sourceTree = "<group>"; };
		3FFC5BA21B79EF0400247795 /* LoginUser.h */ = {isa = PBXFileReference; fileEncoding = 4; lastKnownFileType = sourcecode.c.h; path = LoginUser.h; sourceTree = "<group>"; };
		3FFC5BA31B79EF0400247795 /* LoginUser.m */ = {isa = PBXFileReference; fileEncoding = 4; lastKnownFileType = sourcecode.c.objc; path = LoginUser.m; sourceTree = "<group>"; };
		3FFC5BA71B79F75700247795 /* SLTabBarController.h */ = {isa = PBXFileReference; fileEncoding = 4; lastKnownFileType = sourcecode.c.h; path = SLTabBarController.h; sourceTree = "<group>"; };
		3FFC5BA81B79F75700247795 /* SLTabBarController.m */ = {isa = PBXFileReference; fileEncoding = 4; lastKnownFileType = sourcecode.c.objc; path = SLTabBarController.m; sourceTree = "<group>"; };
/* End PBXFileReference section */

/* Begin PBXFrameworksBuildPhase section */
		3FAF840B1B7884E000A3A288 /* Frameworks */ = {
			isa = PBXFrameworksBuildPhase;
			buildActionMask = 2147483647;
			files = (
			);
			runOnlyForDeploymentPostprocessing = 0;
		};
		3FAF84241B7884E000A3A288 /* Frameworks */ = {
			isa = PBXFrameworksBuildPhase;
			buildActionMask = 2147483647;
			files = (
			);
			runOnlyForDeploymentPostprocessing = 0;
		};
/* End PBXFrameworksBuildPhase section */

/* Begin PBXGroup section */
		28F402331B7A0181002FDEF2 /* jjj */ = {
			isa = PBXGroup;
			children = (
			);
			name = jjj;
			sourceTree = "<group>";
		};
		3FAF84051B7884E000A3A288 = {
			isa = PBXGroup;
			children = (
				3FAF84101B7884E000A3A288 /* Small Lens */,
				3FAF842A1B7884E000A3A288 /* Small LensTests */,
				3FAF840F1B7884E000A3A288 /* Products */,
			);
			sourceTree = "<group>";
		};
		3FAF840F1B7884E000A3A288 /* Products */ = {
			isa = PBXGroup;
			children = (
				3FAF840E1B7884E000A3A288 /* Small Lens.app */,
				3FAF84271B7884E000A3A288 /* Small LensTests.xctest */,
			);
			name = Products;
			sourceTree = "<group>";
		};
		3FAF84101B7884E000A3A288 /* Small Lens */ = {
			isa = PBXGroup;
			children = (
				28F402331B7A0181002FDEF2 /* jjj */,
				3FAF84441B78A78A00A3A288 /* Third(第三方框架) */,
				3FAF843D1B78989F00A3A288 /* MainController(主要控制器) */,
				3FAF84381B78935300A3A288 /* Login(登陆) */,
				3FAF84371B78930600A3A288 /* 其他 */,
				3FAF84111B7884E000A3A288 /* Supporting Files */,
			);
			path = "Small Lens";
			sourceTree = "<group>";
		};
		3FAF84111B7884E000A3A288 /* Supporting Files */ = {
			isa = PBXGroup;
			children = (
				3FAF841B1B7884E000A3A288 /* Main.storyboard */,
				3FAF841E1B7884E000A3A288 /* Images.xcassets */,
				3FAF84201B7884E000A3A288 /* LaunchScreen.xib */,
				3FAF84121B7884E000A3A288 /* Info.plist */,
				3FAF84131B7884E000A3A288 /* main.m */,
			);
			name = "Supporting Files";
			sourceTree = "<group>";
		};
		3FAF842A1B7884E000A3A288 /* Small LensTests */ = {
			isa = PBXGroup;
			children = (
				3FAF842D1B7884E000A3A288 /* Small_LensTests.m */,
				3FAF842B1B7884E000A3A288 /* Supporting Files */,
			);
			path = "Small LensTests";
			sourceTree = "<group>";
		};
		3FAF842B1B7884E000A3A288 /* Supporting Files */ = {
			isa = PBXGroup;
			children = (
				3FAF842C1B7884E000A3A288 /* Info.plist */,
			);
			name = "Supporting Files";
			sourceTree = "<group>";
		};
		3FAF84371B78930600A3A288 /* 其他 */ = {
			isa = PBXGroup;
			children = (
				3FAF84411B789D8B00A3A288 /* General.h */,
				3FAF84641B78A8DA00A3A288 /* HttpTool.h */,
				3FAF84651B78A8DA00A3A288 /* HttpTool.m */,
				3FAF84151B7884E000A3A288 /* AppDelegate.h */,
				3FAF84161B7884E000A3A288 /* AppDelegate.m */,
			);
			name = "其他";
			sourceTree = "<group>";
		};
		3FAF84381B78935300A3A288 /* Login(登陆) */ = {
			isa = PBXGroup;
			children = (
				3FFC5BA51B79EF1C00247795 /* Model(模型） */,
				3FFC5BA61B79EF4D00247795 /* Controller(控制器) */,
			);
			name = "Login(登陆)";
			sourceTree = "<group>";
		};
		3FAF843D1B78989F00A3A288 /* MainController(主要控制器) */ = {
			isa = PBXGroup;
			children = (
				3FAF843E1B78991100A3A288 /* SLNavigationViewController.h */,
				3FAF843F1B78991100A3A288 /* SLNavigationViewController.m */,
				3FFC5BA71B79F75700247795 /* SLTabBarController.h */,
				3FFC5BA81B79F75700247795 /* SLTabBarController.m */,
			);
			name = "MainController(主要控制器)";
			sourceTree = "<group>";
		};
		3FAF84441B78A78A00A3A288 /* Third(第三方框架) */ = {
			isa = PBXGroup;
			children = (
				3FAF84671B78ADAD00A3A288 /* MBHUD */,
				3FAF84471B78A84400A3A288 /* AFNetworking */,
			);
			name = "Third(第三方框架)";
			sourceTree = "<group>";
		};
		3FAF84471B78A84400A3A288 /* AFNetworking */ = {
			isa = PBXGroup;
			children = (
				3FAF84481B78A84400A3A288 /* AFHTTPRequestOperation.h */,
				3FAF84491B78A84400A3A288 /* AFHTTPRequestOperation.m */,
				3FAF844A1B78A84400A3A288 /* AFHTTPRequestOperationManager.h */,
				3FAF844B1B78A84400A3A288 /* AFHTTPRequestOperationManager.m */,
				3FAF844C1B78A84400A3A288 /* AFHTTPSessionManager.h */,
				3FAF844D1B78A84400A3A288 /* AFHTTPSessionManager.m */,
				3FAF844E1B78A84400A3A288 /* AFNetworking.h */,
				3FAF844F1B78A84400A3A288 /* AFNetworkReachabilityManager.h */,
				3FAF84501B78A84400A3A288 /* AFNetworkReachabilityManager.m */,
				3FAF84511B78A84400A3A288 /* AFSecurityPolicy.h */,
				3FAF84521B78A84400A3A288 /* AFSecurityPolicy.m */,
				3FAF84531B78A84400A3A288 /* AFURLConnectionOperation.h */,
				3FAF84541B78A84400A3A288 /* AFURLConnectionOperation.m */,
				3FAF84551B78A84400A3A288 /* AFURLRequestSerialization.h */,
				3FAF84561B78A84400A3A288 /* AFURLRequestSerialization.m */,
				3FAF84571B78A84400A3A288 /* AFURLResponseSerialization.h */,
				3FAF84581B78A84400A3A288 /* AFURLResponseSerialization.m */,
				3FAF84591B78A84400A3A288 /* AFURLSessionManager.h */,
				3FAF845A1B78A84400A3A288 /* AFURLSessionManager.m */,
			);
			path = AFNetworking;
			sourceTree = "<group>";
		};
		3FAF84671B78ADAD00A3A288 /* MBHUD */ = {
			isa = PBXGroup;
			children = (
				3FAF84681B78ADAD00A3A288 /* MBProgressHUD+JM.h */,
				3FAF84691B78ADAD00A3A288 /* MBProgressHUD+JM.m */,
				3FAF846A1B78ADAD00A3A288 /* MBProgressHUD.h */,
				3FAF846B1B78ADAD00A3A288 /* MBProgressHUD.m */,
			);
			path = MBHUD;
			sourceTree = "<group>";
		};
		3FFC5BA51B79EF1C00247795 /* Model(模型） */ = {
			isa = PBXGroup;
			children = (
				3FFC5B9F1B79EEE300247795 /* SFHFKeychainUtils.h */,
				3FFC5BA01B79EEE300247795 /* SFHFKeychainUtils.m */,
				3FFC5BA21B79EF0400247795 /* LoginUser.h */,
				3FFC5BA31B79EF0400247795 /* LoginUser.m */,
			);
			name = "Model(模型）";
			sourceTree = "<group>";
		};
		3FFC5BA61B79EF4D00247795 /* Controller(控制器) */ = {
			isa = PBXGroup;
			children = (
				3FAF843A1B78950A00A3A288 /* LoginViewController.h */,
				3FAF843B1B78950A00A3A288 /* LoginViewController.m */,
			);
			name = "Controller(控制器)";
			sourceTree = "<group>";
		};
/* End PBXGroup section */

/* Begin PBXNativeTarget section */
		3FAF840D1B7884E000A3A288 /* Small Lens */ = {
			isa = PBXNativeTarget;
			buildConfigurationList = 3FAF84311B7884E000A3A288 /* Build configuration list for PBXNativeTarget "Small Lens" */;
			buildPhases = (
				3FAF840A1B7884E000A3A288 /* Sources */,
				3FAF840B1B7884E000A3A288 /* Frameworks */,
				3FAF840C1B7884E000A3A288 /* Resources */,
			);
			buildRules = (
			);
			dependencies = (
			);
			name = "Small Lens";
			productName = "Small Lens";
			productReference = 3FAF840E1B7884E000A3A288 /* Small Lens.app */;
			productType = "com.apple.product-type.application";
		};
		3FAF84261B7884E000A3A288 /* Small LensTests */ = {
			isa = PBXNativeTarget;
			buildConfigurationList = 3FAF84341B7884E000A3A288 /* Build configuration list for PBXNativeTarget "Small LensTests" */;
			buildPhases = (
				3FAF84231B7884E000A3A288 /* Sources */,
				3FAF84241B7884E000A3A288 /* Frameworks */,
				3FAF84251B7884E000A3A288 /* Resources */,
			);
			buildRules = (
			);
			dependencies = (
				3FAF84291B7884E000A3A288 /* PBXTargetDependency */,
			);
			name = "Small LensTests";
			productName = "Small LensTests";
			productReference = 3FAF84271B7884E000A3A288 /* Small LensTests.xctest */;
			productType = "com.apple.product-type.bundle.unit-test";
		};
/* End PBXNativeTarget section */

/* Begin PBXProject section */
		3FAF84061B7884E000A3A288 /* Project object */ = {
			isa = PBXProject;
			attributes = {
				LastUpgradeCheck = 0610;
				ORGANIZATIONNAME = zjm;
				TargetAttributes = {
					3FAF840D1B7884E000A3A288 = {
						CreatedOnToolsVersion = 6.1;
					};
					3FAF84261B7884E000A3A288 = {
						CreatedOnToolsVersion = 6.1;
						TestTargetID = 3FAF840D1B7884E000A3A288;
					};
				};
			};
			buildConfigurationList = 3FAF84091B7884E000A3A288 /* Build configuration list for PBXProject "Small Lens" */;
			compatibilityVersion = "Xcode 3.2";
			developmentRegion = English;
			hasScannedForEncodings = 0;
			knownRegions = (
				en,
				Base,
			);
			mainGroup = 3FAF84051B7884E000A3A288;
			productRefGroup = 3FAF840F1B7884E000A3A288 /* Products */;
			projectDirPath = "";
			projectRoot = "";
			targets = (
				3FAF840D1B7884E000A3A288 /* Small Lens */,
				3FAF84261B7884E000A3A288 /* Small LensTests */,
			);
		};
/* End PBXProject section */

/* Begin PBXResourcesBuildPhase section */
		3FAF840C1B7884E000A3A288 /* Resources */ = {
			isa = PBXResourcesBuildPhase;
			buildActionMask = 2147483647;
			files = (
				3FAF841D1B7884E000A3A288 /* Main.storyboard in Resources */,
				3FAF84221B7884E000A3A288 /* LaunchScreen.xib in Resources */,
				3FAF841F1B7884E000A3A288 /* Images.xcassets in Resources */,
			);
			runOnlyForDeploymentPostprocessing = 0;
		};
		3FAF84251B7884E000A3A288 /* Resources */ = {
			isa = PBXResourcesBuildPhase;
			buildActionMask = 2147483647;
			files = (
			);
			runOnlyForDeploymentPostprocessing = 0;
		};
/* End PBXResourcesBuildPhase section */

/* Begin PBXSourcesBuildPhase section */
		3FAF840A1B7884E000A3A288 /* Sources */ = {
			isa = PBXSourcesBuildPhase;
			buildActionMask = 2147483647;
			files = (
				3FAF84171B7884E000A3A288 /* AppDelegate.m in Sources */,
				3FAF845F1B78A84400A3A288 /* AFSecurityPolicy.m in Sources */,
				3FAF84401B78991100A3A288 /* SLNavigationViewController.m in Sources */,
				3FAF845C1B78A84400A3A288 /* AFHTTPRequestOperationManager.m in Sources */,
				3FAF84601B78A84400A3A288 /* AFURLConnectionOperation.m in Sources */,
				3FAF845B1B78A84400A3A288 /* AFHTTPRequestOperation.m in Sources */,
				3FFC5BA91B79F75700247795 /* SLTabBarController.m in Sources */,
				3FAF846C1B78ADAD00A3A288 /* MBProgressHUD+JM.m in Sources */,
				3FFC5BA11B79EEE300247795 /* SFHFKeychainUtils.m in Sources */,
				3FAF84141B7884E000A3A288 /* main.m in Sources */,
				3FAF84611B78A84400A3A288 /* AFURLRequestSerialization.m in Sources */,
				3FAF845D1B78A84400A3A288 /* AFHTTPSessionManager.m in Sources */,
				3FAF845E1B78A84400A3A288 /* AFNetworkReachabilityManager.m in Sources */,
				3FFC5BA41B79EF0400247795 /* LoginUser.m in Sources */,
				3FAF84621B78A84400A3A288 /* AFURLResponseSerialization.m in Sources */,
				3FAF84631B78A84400A3A288 /* AFURLSessionManager.m in Sources */,
				3FAF843C1B78950A00A3A288 /* LoginViewController.m in Sources */,
				3FAF84661B78A8DA00A3A288 /* HttpTool.m in Sources */,
				3FAF846D1B78ADAD00A3A288 /* MBProgressHUD.m in Sources */,
			);
			runOnlyForDeploymentPostprocessing = 0;
		};
		3FAF84231B7884E000A3A288 /* Sources */ = {
			isa = PBXSourcesBuildPhase;
			buildActionMask = 2147483647;
			files = (
				3FAF842E1B7884E000A3A288 /* Small_LensTests.m in Sources */,
			);
			runOnlyForDeploymentPostprocessing = 0;
		};
/* End PBXSourcesBuildPhase section */

/* Begin PBXTargetDependency section */
		3FAF84291B7884E000A3A288 /* PBXTargetDependency */ = {
			isa = PBXTargetDependency;
			target = 3FAF840D1B7884E000A3A288 /* Small Lens */;
			targetProxy = 3FAF84281B7884E000A3A288 /* PBXContainerItemProxy */;
		};
/* End PBXTargetDependency section */

/* Begin PBXVariantGroup section */
		3FAF841B1B7884E000A3A288 /* Main.storyboard */ = {
			isa = PBXVariantGroup;
			children = (
				3FAF841C1B7884E000A3A288 /* Base */,
			);
			name = Main.storyboard;
			sourceTree = "<group>";
		};
		3FAF84201B7884E000A3A288 /* LaunchScreen.xib */ = {
			isa = PBXVariantGroup;
			children = (
				3FAF84211B7884E000A3A288 /* Base */,
			);
			name = LaunchScreen.xib;
			sourceTree = "<group>";
		};
/* End PBXVariantGroup section */

/* Begin XCBuildConfiguration section */
		3FAF842F1B7884E000A3A288 /* Debug */ = {
			isa = XCBuildConfiguration;
			buildSettings = {
				ALWAYS_SEARCH_USER_PATHS = NO;
				CLANG_CXX_LANGUAGE_STANDARD = "gnu++0x";
				CLANG_CXX_LIBRARY = "libc++";
				CLANG_ENABLE_MODULES = YES;
				CLANG_ENABLE_OBJC_ARC = YES;
				CLANG_WARN_BOOL_CONVERSION = YES;
				CLANG_WARN_CONSTANT_CONVERSION = YES;
				CLANG_WARN_DIRECT_OBJC_ISA_USAGE = YES_ERROR;
				CLANG_WARN_EMPTY_BODY = YES;
				CLANG_WARN_ENUM_CONVERSION = YES;
				CLANG_WARN_INT_CONVERSION = YES;
				CLANG_WARN_OBJC_ROOT_CLASS = YES_ERROR;
				CLANG_WARN_UNREACHABLE_CODE = YES;
				CLANG_WARN__DUPLICATE_METHOD_MATCH = YES;
				"CODE_SIGN_IDENTITY[sdk=iphoneos*]" = "iPhone Developer";
				COPY_PHASE_STRIP = NO;
				ENABLE_STRICT_OBJC_MSGSEND = YES;
				GCC_C_LANGUAGE_STANDARD = gnu99;
				GCC_DYNAMIC_NO_PIC = NO;
				GCC_OPTIMIZATION_LEVEL = 0;
				GCC_PREPROCESSOR_DEFINITIONS = (
					"DEBUG=1",
					"$(inherited)",
				);
				GCC_SYMBOLS_PRIVATE_EXTERN = NO;
				GCC_WARN_64_TO_32_BIT_CONVERSION = YES;
				GCC_WARN_ABOUT_RETURN_TYPE = YES_ERROR;
				GCC_WARN_UNDECLARED_SELECTOR = YES;
				GCC_WARN_UNINITIALIZED_AUTOS = YES_AGGRESSIVE;
				GCC_WARN_UNUSED_FUNCTION = YES;
				GCC_WARN_UNUSED_VARIABLE = YES;
				IPHONEOS_DEPLOYMENT_TARGET = 8.1;
				MTL_ENABLE_DEBUG_INFO = YES;
				ONLY_ACTIVE_ARCH = YES;
				SDKROOT = iphoneos;
			};
			name = Debug;
		};
		3FAF84301B7884E000A3A288 /* Release */ = {
			isa = XCBuildConfiguration;
			buildSettings = {
				ALWAYS_SEARCH_USER_PATHS = NO;
				CLANG_CXX_LANGUAGE_STANDARD = "gnu++0x";
				CLANG_CXX_LIBRARY = "libc++";
				CLANG_ENABLE_MODULES = YES;
				CLANG_ENABLE_OBJC_ARC = YES;
				CLANG_WARN_BOOL_CONVERSION = YES;
				CLANG_WARN_CONSTANT_CONVERSION = YES;
				CLANG_WARN_DIRECT_OBJC_ISA_USAGE = YES_ERROR;
				CLANG_WARN_EMPTY_BODY = YES;
				CLANG_WARN_ENUM_CONVERSION = YES;
				CLANG_WARN_INT_CONVERSION = YES;
				CLANG_WARN_OBJC_ROOT_CLASS = YES_ERROR;
				CLANG_WARN_UNREACHABLE_CODE = YES;
				CLANG_WARN__DUPLICATE_METHOD_MATCH = YES;
				"CODE_SIGN_IDENTITY[sdk=iphoneos*]" = "iPhone Developer";
				COPY_PHASE_STRIP = YES;
				ENABLE_NS_ASSERTIONS = NO;
				ENABLE_STRICT_OBJC_MSGSEND = YES;
				GCC_C_LANGUAGE_STANDARD = gnu99;
				GCC_WARN_64_TO_32_BIT_CONVERSION = YES;
				GCC_WARN_ABOUT_RETURN_TYPE = YES_ERROR;
				GCC_WARN_UNDECLARED_SELECTOR = YES;
				GCC_WARN_UNINITIALIZED_AUTOS = YES_AGGRESSIVE;
				GCC_WARN_UNUSED_FUNCTION = YES;
				GCC_WARN_UNUSED_VARIABLE = YES;
				IPHONEOS_DEPLOYMENT_TARGET = 8.1;
				MTL_ENABLE_DEBUG_INFO = NO;
				SDKROOT = iphoneos;
				VALIDATE_PRODUCT = YES;
			};
			name = Release;
		};
		3FAF84321B7884E000A3A288 /* Debug */ = {
			isa = XCBuildConfiguration;
			buildSettings = {
				ASSETCATALOG_COMPILER_APPICON_NAME = AppIcon;
				INFOPLIST_FILE = "Small Lens/Info.plist";
				LD_RUNPATH_SEARCH_PATHS = "$(inherited) @executable_path/Frameworks";
				PRODUCT_NAME = "$(TARGET_NAME)";
			};
			name = Debug;
		};
		3FAF84331B7884E000A3A288 /* Release */ = {
			isa = XCBuildConfiguration;
			buildSettings = {
				ASSETCATALOG_COMPILER_APPICON_NAME = AppIcon;
				INFOPLIST_FILE = "Small Lens/Info.plist";
				LD_RUNPATH_SEARCH_PATHS = "$(inherited) @executable_path/Frameworks";
				PRODUCT_NAME = "$(TARGET_NAME)";
			};
			name = Release;
		};
		3FAF84351B7884E000A3A288 /* Debug */ = {
			isa = XCBuildConfiguration;
			buildSettings = {
				BUNDLE_LOADER = "$(TEST_HOST)";
				FRAMEWORK_SEARCH_PATHS = (
					"$(SDKROOT)/Developer/Library/Frameworks",
					"$(inherited)",
				);
				GCC_PREPROCESSOR_DEFINITIONS = (
					"DEBUG=1",
					"$(inherited)",
				);
				INFOPLIST_FILE = "Small LensTests/Info.plist";
				LD_RUNPATH_SEARCH_PATHS = "$(inherited) @executable_path/Frameworks @loader_path/Frameworks";
				PRODUCT_NAME = "$(TARGET_NAME)";
				TEST_HOST = "$(BUILT_PRODUCTS_DIR)/Small Lens.app/Small Lens";
			};
			name = Debug;
		};
		3FAF84361B7884E000A3A288 /* Release */ = {
			isa = XCBuildConfiguration;
			buildSettings = {
				BUNDLE_LOADER = "$(TEST_HOST)";
				FRAMEWORK_SEARCH_PATHS = (
					"$(SDKROOT)/Developer/Library/Frameworks",
					"$(inherited)",
				);
				INFOPLIST_FILE = "Small LensTests/Info.plist";
				LD_RUNPATH_SEARCH_PATHS = "$(inherited) @executable_path/Frameworks @loader_path/Frameworks";
				PRODUCT_NAME = "$(TARGET_NAME)";
				TEST_HOST = "$(BUILT_PRODUCTS_DIR)/Small Lens.app/Small Lens";
			};
			name = Release;
		};
/* End XCBuildConfiguration section */

/* Begin XCConfigurationList section */
		3FAF84091B7884E000A3A288 /* Build configuration list for PBXProject "Small Lens" */ = {
			isa = XCConfigurationList;
			buildConfigurations = (
				3FAF842F1B7884E000A3A288 /* Debug */,
				3FAF84301B7884E000A3A288 /* Release */,
			);
			defaultConfigurationIsVisible = 0;
			defaultConfigurationName = Release;
		};
		3FAF84311B7884E000A3A288 /* Build configuration list for PBXNativeTarget "Small Lens" */ = {
			isa = XCConfigurationList;
			buildConfigurations = (
				3FAF84321B7884E000A3A288 /* Debug */,
				3FAF84331B7884E000A3A288 /* Release */,
			);
			defaultConfigurationIsVisible = 0;
			defaultConfigurationName = Release;
		};
		3FAF84341B7884E000A3A288 /* Build configuration list for PBXNativeTarget "Small LensTests" */ = {
			isa = XCConfigurationList;
			buildConfigurations = (
				3FAF84351B7884E000A3A288 /* Debug */,
				3FAF84361B7884E000A3A288 /* Release */,
			);
			defaultConfigurationIsVisible = 0;
			defaultConfigurationName = Release;
		};
/* End XCConfigurationList section */
	};
	rootObject = 3FAF84061B7884E000A3A288 /* Project object */;
}
